
Microsoft Visual Studio Solution File, Format Version 12.00
# Visual Studio Version 17
VisualStudioVersion = 17.7.34031.279
MinimumVisualStudioVersion = 10.0.40219.1
Project("{FAE04EC0-301F-11D3-BF4B-00C04F79EFBC}") = "Lab12.Android", "Lab12\Lab12.Android\Lab12.Android.csproj", "{63462766-FA14-4371-835E-67EA388D9A74}"
EndProject
Project("{FAE04EC0-301F-11D3-BF4B-00C04F79EFBC}") = "Lab12.iOS", "Lab12\Lab12.iOS\Lab12.iOS.csproj", "{30A2C18E-2DAF-464D-B7D5-A03259E91DD0}"
EndProject
Project("{FAE04EC0-301F-11D3-BF4B-00C04F79EFBC}") = "Lab12", "Lab12\Lab12\Lab12.csproj", "{F5B0562E-D2DA-44BF-BF32-6DBA74D348B5}"
EndProject
Global
	GlobalSection(SolutionConfigurationPlatforms) = preSolution
		Debug|Any CPU = Debug|Any CPU
		Debug|iPhone = Debug|iPhone
		Debug|iPhoneSimulator = Debug|iPhoneSimulator
		Release|Any CPU = Release|Any CPU
		Release|iPhone = Release|iPhone
		Release|iPhoneSimulator = Release|iPhoneSimulator
	EndGlobalSection
	GlobalSection(ProjectConfigurationPlatforms) = postSolution
		{63462766-FA14-4371-835E-67EA388D9A74}.Debug|Any CPU.ActiveCfg = Debug|Any CPU
		{63462766-FA14-4371-835E-67EA388D9A74}.Debug|Any CPU.Build.0 = Debug|Any CPU
		{63462766-FA14-4371-835E-67EA388D9A74}.Debug|Any CPU.Deploy.0 = Debug|Any CPU
		{63462766-FA14-4371-835E-67EA388D9A74}.Debug|iPhone.ActiveCfg = Debug|Any CPU
		{63462766-FA14-4371-835E-67EA388D9A74}.Debug|iPhone.Build.0 = Debug|Any CPU
		{63462766-FA14-4371-835E-67EA388D9A74}.Debug|iPhone.Deploy.0 = Debug|Any CPU
		{63462766-FA14-4371-835E-67EA388D9A74}.Debug|iPhoneSimulator.ActiveCfg = Debug|Any CPU
		{63462766-FA14-4371-835E-67EA388D9A74}.Debug|iPhoneSimulator.Build.0 = Debug|Any CPU
		{63462766-FA14-4371-835E-67EA388D9A74}.Debug|iPhoneSimulator.Deploy.0 = Debug|Any CPU
		{63462766-FA14-4371-835E-67EA388D9A74}.Release|Any CPU.ActiveCfg = Release|Any CPU
		{63462766-FA14-4371-835E-67EA388D9A74}.Release|Any CPU.Build.0 = Release|Any CPU
		{63462766-FA14-4371-835E-67EA388D9A74}.Release|Any CPU.Deploy.0 = Release|Any CPU
		{63462766-FA14-4371-835E-67EA388D9A74}.Release|iPhone.ActiveCfg = Release|Any CPU
		{63462766-FA14-4371-835E-67EA388D9A74}.Release|iPhone.Build.0 = Release|Any CPU
		{63462766-FA14-4371-835E-67EA388D9A74}.Release|iPhone.Deploy.0 = Release|Any CPU
		{63462766-FA14-4371-835E-67EA388D9A74}.Release|iPhoneSimulator.ActiveCfg = Release|Any CPU
		{63462766-FA14-4371-835E-67EA388D9A74}.Release|iPhoneSimulator.Build.0 = Release|Any CPU
		{63462766-FA14-4371-835E-67EA388D9A74}.Release|iPhoneSimulator.Deploy.0 = Release|Any CPU
		{30A2C18E-2DAF-464D-B7D5-A03259E91DD0}.Debug|Any CPU.ActiveCfg = Debug|iPhone
		{30A2C18E-2DAF-464D-B7D5-A03259E91DD0}.Debug|Any CPU.Build.0 = Debug|iPhone
		{30A2C18E-2DAF-464D-B7D5-A03259E91DD0}.Debug|Any CPU.Deploy.0 = Debug|iPhone
		{30A2C18E-2DAF-464D-B7D5-A03259E91DD0}.Debug|iPhone.ActiveCfg = Debug|iPhone
		{30A2C18E-2DAF-464D-B7D5-A03259E91DD0}.Debug|iPhone.Build.0 = Debug|iPhone
		{30A2C18E-2DAF-464D-B7D5-A03259E91DD0}.Debug|iPhone.Deploy.0 = Debug|iPhone
		{30A2C18E-2DAF-464D-B7D5-A03259E91DD0}.Debug|iPhoneSimulator.ActiveCfg = Debug|iPhoneSimulator
		{30A2C18E-2DAF-464D-B7D5-A03259E91DD0}.Debug|iPhoneSimulator.Build.0 = Debug|iPhoneSimulator
		{30A2C18E-2DAF-464D-B7D5-A03259E91DD0}.Debug|iPhoneSimulator.Deploy.0 = Debug|iPhoneSimulator
		{30A2C18E-2DAF-464D-B7D5-A03259E91DD0}.Release|Any CPU.ActiveCfg = Release|iPhoneSimulator
		{30A2C18E-2DAF-464D-B7D5-A03259E91DD0}.Release|Any CPU.Build.0 = Release|iPhoneSimulator
		{30A2C18E-2DAF-464D-B7D5-A03259E91DD0}.Release|Any CPU.Deploy.0 = Release|iPhoneSimulator
		{30A2C18E-2DAF-464D-B7D5-A03259E91DD0}.Release|iPhone.ActiveCfg = Release|iPhone
		{30A2C18E-2DAF-464D-B7D5-A03259E91DD0}.Release|iPhone.Build.0 = Release|iPhone
		{30A2C18E-2DAF-464D-B7D5-A03259E91DD0}.Release|iPhone.Deploy.0 = Release|iPhone
		{30A2C18E-2DAF-464D-B7D5-A03259E91DD0}.Release|iPhoneSimulator.ActiveCfg = Release|iPhoneSimulator
		{30A2C18E-2DAF-464D-B7D5-A03259E91DD0}.Release|iPhoneSimulator.Build.0 = Release|iPhoneSimulator
		{30A2C18E-2DAF-464D-B7D5-A03259E91DD0}.Release|iPhoneSimulator.Deploy.0 = Release|iPhoneSimulator
		{F5B0562E-D2DA-44BF-BF32-6DBA74D348B5}.Debug|Any CPU.ActiveCfg = Debug|Any CPU
		{F5B0562E-D2DA-44BF-BF32-6DBA74D348B5}.Debug|Any CPU.Build.0 = Debug|Any CPU
		{F5B0562E-D2DA-44BF-BF32-6DBA74D348B5}.Debug|Any CPU.Deploy.0 = Debug|Any CPU
		{F5B0562E-D2DA-44BF-BF32-6DBA74D348B5}.Debug|iPhone.ActiveCfg = Debug|Any CPU
		{F5B0562E-D2DA-44BF-BF32-6DBA74D348B5}.Debug|iPhone.Build.0 = Debug|Any CPU
		{F5B0562E-D2DA-44BF-BF32-6DBA74D348B5}.Debug|iPhone.Deploy.0 = Debug|Any CPU
		{F5B0562E-D2DA-44BF-BF32-6DBA74D348B5}.Debug|iPhoneSimulator.ActiveCfg = Debug|Any CPU
		{F5B0562E-D2DA-44BF-BF32-6DBA74D348B5}.Debug|iPhoneSimulator.Build.0 = Debug|Any CPU
		{F5B0562E-D2DA-44BF-BF32-6DBA74D348B5}.Debug|iPhoneSimulator.Deploy.0 = Debug|Any CPU
		{F5B0562E-D2DA-44BF-BF32-6DBA74D348B5}.Release|Any CPU.ActiveCfg = Release|Any CPU
		{F5B0562E-D2DA-44BF-BF32-6DBA74D348B5}.Release|Any CPU.Build.0 = Release|Any CPU
		{F5B0562E-D2DA-44BF-BF32-6DBA74D348B5}.Release|Any CPU.Deploy.0 = Release|Any CPU
		{F5B0562E-D2DA-44BF-BF32-6DBA74D348B5}.Release|iPhone.ActiveCfg = Release|Any CPU
		{F5B0562E-D2DA-44BF-BF32-6DBA74D348B5}.Release|iPhone.Build.0 = Release|Any CPU
		{F5B0562E-D2DA-44BF-BF32-6DBA74D348B5}.Release|iPhone.Deploy.0 = Release|Any CPU
		{F5B0562E-D2DA-44BF-BF32-6DBA74D348B5}.Release|iPhoneSimulator.ActiveCfg = Release|Any CPU
		{F5B0562E-D2DA-44BF-BF32-6DBA74D348B5}.Release|iPhoneSimulator.Build.0 = Release|Any CPU
		{F5B0562E-D2DA-44BF-BF32-6DBA74D348B5}.Release|iPhoneSimulator.Deploy.0 = Release|Any CPU
	EndGlobalSection
	GlobalSection(SolutionProperties) = preSolution
		HideSolutionNode = FALSE
	EndGlobalSection
	GlobalSection(ExtensibilityGlobals) = postSolution
		SolutionGuid = {28DC52D3-308F-4BA4-BA7E-9F1A6E9C57B7}
	EndGlobalSection
EndGlobal
